<?xml version="1.0" encoding="utf-8"?>
<Project ToolsVersion="4.0" xmlns="http://schemas.microsoft.com/developer/msbuild/2003">
  <ItemGroup>
    <Filter Include="Source Files">
      <UniqueIdentifier>{4FC737F1-C7A5-4376-A066-2A32D752A2FF}</UniqueIdentifier>
      <Extensions>cpp;c;cc;cxx;def;odl;idl;hpj;bat;asm;asmx</Extensions>
    </Filter>
    <Filter Include="Header Files">
      <UniqueIdentifier>{93995380-89BD-4b04-88EB-625FBE52EBFB}</UniqueIdentifier>
      <Extensions>h;hh;hpp;hxx;hm;inl;inc;xsd</Extensions>
    </Filter>
  </ItemGroup>
  <ItemGroup>
    <ClInclude Include="stdafx.h">
      <Filter>Header Files</Filter>
    </ClInclude>
  </ItemGroup>
  <ItemGroup>
    <ClCompile Include="stdafx.cpp">
      <Filter>Source Files</Filter>
    </ClCompile>
  </ItemGroup>
  <ItemGroup>
    <MASM Include="Perlin.Assembly.asm">
      <Filter>Source Files</Filter>
    </MASM>
    <MASM Include="Perlin.Assembly.def">
      <Filter>Header Files</Filter>
    </MASM>
    <MASM Include="Helpers.asm">
      <Filter>Source Files</Filter>
    </MASM>
    <MASM Include="PerlinNoise.asm">
      <Filter>Source Files</Filter>
    </MASM>
    <MASM Include="Random.asm">
      <Filter>Source Files</Filter>
    </MASM>
  </ItemGroup>
  <ItemGroup>
    <None Include="DataStructures.asm">
      <Filter>Source Files</Filter>
    </None>
    <None Include="Bitmap.asm">
      <Filter>Source Files</Filter>
    </None>
  </ItemGroup>
</Project>