
Microsoft Visual Studio Solution File, Format Version 12.00
# Visual Studio 2013
VisualStudioVersion = 12.0.30501.0
MinimumVisualStudioVersion = 10.0.40219.1
Project("{FAE04EC0-301F-11D3-BF4B-00C04F79EFBC}") = "Perlin.GUI", "Perlin\Perlin.GUI.csproj", "{F2CE92B0-CFF5-4BCD-AE2B-0992D06022C8}"
	ProjectSection(ProjectDependencies) = postProject
		{70587E90-EDD4-4B18-A3C9-1FD32CE9081C} = {70587E90-EDD4-4B18-A3C9-1FD32CE9081C}
	EndProjectSection
EndProject
Project("{8BC9CEB8-8B4A-11D0-8D11-00A0C91BC942}") = "Perlin.PureC", "Perlin.PureC\Perlin.PureC.vcxproj", "{70587E90-EDD4-4B18-A3C9-1FD32CE9081C}"
EndProject
Project("{8BC9CEB8-8B4A-11D0-8D11-00A0C91BC942}") = "Perlin.Assembly", "Perlin.Assembly\Perlin.Assembly.vcxproj", "{43F67CAE-40E4-47DF-A19A-2DB5EB5C5C33}"
EndProject
Global
	GlobalSection(SolutionConfigurationPlatforms) = preSolution
		Debug|Any CPU = Debug|Any CPU
		Debug|Mixed Platforms = Debug|Mixed Platforms
		Debug|Win32 = Debug|Win32
		Release|Any CPU = Release|Any CPU
		Release|Mixed Platforms = Release|Mixed Platforms
		Release|Win32 = Release|Win32
	EndGlobalSection
	GlobalSection(ProjectConfigurationPlatforms) = postSolution
		{F2CE92B0-CFF5-4BCD-AE2B-0992D06022C8}.Debug|Any CPU.ActiveCfg = Debug|Any CPU
		{F2CE92B0-CFF5-4BCD-AE2B-0992D06022C8}.Debug|Any CPU.Build.0 = Debug|Any CPU
		{F2CE92B0-CFF5-4BCD-AE2B-0992D06022C8}.Debug|Mixed Platforms.ActiveCfg = Debug|Any CPU
		{F2CE92B0-CFF5-4BCD-AE2B-0992D06022C8}.Debug|Mixed Platforms.Build.0 = Debug|Any CPU
		{F2CE92B0-CFF5-4BCD-AE2B-0992D06022C8}.Debug|Win32.ActiveCfg = Debug|Any CPU
		{F2CE92B0-CFF5-4BCD-AE2B-0992D06022C8}.Release|Any CPU.ActiveCfg = Release|Any CPU
		{F2CE92B0-CFF5-4BCD-AE2B-0992D06022C8}.Release|Any CPU.Build.0 = Release|Any CPU
		{F2CE92B0-CFF5-4BCD-AE2B-0992D06022C8}.Release|Mixed Platforms.ActiveCfg = Release|Any CPU
		{F2CE92B0-CFF5-4BCD-AE2B-0992D06022C8}.Release|Mixed Platforms.Build.0 = Release|Any CPU
		{F2CE92B0-CFF5-4BCD-AE2B-0992D06022C8}.Release|Win32.ActiveCfg = Release|Any CPU
		{70587E90-EDD4-4B18-A3C9-1FD32CE9081C}.Debug|Any CPU.ActiveCfg = Debug|Win32
		{70587E90-EDD4-4B18-A3C9-1FD32CE9081C}.Debug|Mixed Platforms.ActiveCfg = Debug|Win32
		{70587E90-EDD4-4B18-A3C9-1FD32CE9081C}.Debug|Mixed Platforms.Build.0 = Debug|Win32
		{70587E90-EDD4-4B18-A3C9-1FD32CE9081C}.Debug|Win32.ActiveCfg = Debug|Win32
		{70587E90-EDD4-4B18-A3C9-1FD32CE9081C}.Debug|Win32.Build.0 = Debug|Win32
		{70587E90-EDD4-4B18-A3C9-1FD32CE9081C}.Release|Any CPU.ActiveCfg = Release|Win32
		{70587E90-EDD4-4B18-A3C9-1FD32CE9081C}.Release|Mixed Platforms.ActiveCfg = Release|Win32
		{70587E90-EDD4-4B18-A3C9-1FD32CE9081C}.Release|Mixed Platforms.Build.0 = Release|Win32
		{70587E90-EDD4-4B18-A3C9-1FD32CE9081C}.Release|Win32.ActiveCfg = Release|Win32
		{70587E90-EDD4-4B18-A3C9-1FD32CE9081C}.Release|Win32.Build.0 = Release|Win32
		{43F67CAE-40E4-47DF-A19A-2DB5EB5C5C33}.Debug|Any CPU.ActiveCfg = Debug|Win32
		{43F67CAE-40E4-47DF-A19A-2DB5EB5C5C33}.Debug|Mixed Platforms.ActiveCfg = Debug|Win32
		{43F67CAE-40E4-47DF-A19A-2DB5EB5C5C33}.Debug|Mixed Platforms.Build.0 = Debug|Win32
		{43F67CAE-40E4-47DF-A19A-2DB5EB5C5C33}.Debug|Win32.ActiveCfg = Debug|Win32
		{43F67CAE-40E4-47DF-A19A-2DB5EB5C5C33}.Debug|Win32.Build.0 = Debug|Win32
		{43F67CAE-40E4-47DF-A19A-2DB5EB5C5C33}.Release|Any CPU.ActiveCfg = Release|Win32
		{43F67CAE-40E4-47DF-A19A-2DB5EB5C5C33}.Release|Mixed Platforms.ActiveCfg = Release|Win32
		{43F67CAE-40E4-47DF-A19A-2DB5EB5C5C33}.Release|Mixed Platforms.Build.0 = Release|Win32
		{43F67CAE-40E4-47DF-A19A-2DB5EB5C5C33}.Release|Win32.ActiveCfg = Release|Win32
		{43F67CAE-40E4-47DF-A19A-2DB5EB5C5C33}.Release|Win32.Build.0 = Release|Win32
	EndGlobalSection
	GlobalSection(SolutionProperties) = preSolution
		HideSolutionNode = FALSE
	EndGlobalSection
EndGlobal
